
Microsoft Visual Studio Solution File, Format Version 12.00
# Visual Studio 14
VisualStudioVersion = 14.0.25420.1
MinimumVisualStudioVersion = 10.0.40219.1
Project("{FAE04EC0-301F-11D3-BF4B-00C04F79EFBC}") = "LockedCounter", "LockedCounter\LockedCounter.csproj", "{3128E1FB-C413-48A7-A22A-6D1BC62DA89B}"
EndProject
Project("{FAE04EC0-301F-11D3-BF4B-00C04F79EFBC}") = "LockedCounter.Tests", "LockedCounter.Tests\LockedCounter.Tests.csproj", "{33348CA6-CDB4-4459-821B-8D4CCBA78DFA}"
EndProject
Global
	GlobalSection(SolutionConfigurationPlatforms) = preSolution
		Debug|Any CPU = Debug|Any CPU
		Release|Any CPU = Release|Any CPU
	EndGlobalSection
	GlobalSection(ProjectConfigurationPlatforms) = postSolution
		{3128E1FB-C413-48A7-A22A-6D1BC62DA89B}.Debug|Any CPU.ActiveCfg = Debug|Any CPU
		{3128E1FB-C413-48A7-A22A-6D1BC62DA89B}.Debug|Any CPU.Build.0 = Debug|Any CPU
		{3128E1FB-C413-48A7-A22A-6D1BC62DA89B}.Release|Any CPU.ActiveCfg = Release|Any CPU
		{3128E1FB-C413-48A7-A22A-6D1BC62DA89B}.Release|Any CPU.Build.0 = Release|Any CPU
		{33348CA6-CDB4-4459-821B-8D4CCBA78DFA}.Debug|Any CPU.ActiveCfg = Debug|Any CPU
		{33348CA6-CDB4-4459-821B-8D4CCBA78DFA}.Debug|Any CPU.Build.0 = Debug|Any CPU
		{33348CA6-CDB4-4459-821B-8D4CCBA78DFA}.Release|Any CPU.ActiveCfg = Release|Any CPU
		{33348CA6-CDB4-4459-821B-8D4CCBA78DFA}.Release|Any CPU.Build.0 = Release|Any CPU
	EndGlobalSection
	GlobalSection(SolutionProperties) = preSolution
		HideSolutionNode = FALSE
	EndGlobalSection
EndGlobal
